// !$*UTF8*$!
{
	archiveVersion = 1;
	classes = {
	};
	objectVersion = 46;
	objects = {

/* Begin PBXBuildFile section */
		0179B6981F02A69F00F8CDFA /* main.m in Sources */ = {isa = PBXBuildFile; fileRef = 0179B6971F02A69F00F8CDFA /* main.m */; };
		0179B69B1F02A69F00F8CDFA /* AppDelegate.m in Sources */ = {isa = PBXBuildFile; fileRef = 0179B69A1F02A69F00F8CDFA /* AppDelegate.m */; };
		0179B69E1F02A69F00F8CDFA /* ViewController.m in Sources */ = {isa = PBXBuildFile; fileRef = 0179B69D1F02A69F00F8CDFA /* ViewController.m */; };
		0179B6A11F02A69F00F8CDFA /* Main.storyboard in Resources */ = {isa = PBXBuildFile; fileRef = 0179B69F1F02A69F00F8CDFA /* Main.storyboard */; };
		0179B6A31F02A69F00F8CDFA /* Assets.xcassets in Resources */ = {isa = PBXBuildFile; fileRef = 0179B6A21F02A69F00F8CDFA /* Assets.xcassets */; };
		0179B6A61F02A69F00F8CDFA /* LaunchScreen.storyboard in Resources */ = {isa = PBXBuildFile; fileRef = 0179B6A41F02A69F00F8CDFA /* LaunchScreen.storyboard */; };
		0179B6B21F02A74E00F8CDFA /* UIImage+Exchange.m in Sources */ = {isa = PBXBuildFile; fileRef = 0179B6B11F02A74E00F8CDFA /* UIImage+Exchange.m */; };
/* End PBXBuildFile section */

/* Begin PBXFileReference section */
		0179B6931F02A69F00F8CDFA /* Runtime之交换方法.app */ = {isa = PBXFileReference; explicitFileType = wrapper.application; includeInIndex = 0; path = "Runtime之交换方法.app"; sourceTree = BUILT_PRODUCTS_DIR; };
		0179B6971F02A69F00F8CDFA /* main.m */ = {isa = PBXFileReference; lastKnownFileType = sourcecode.c.objc; path = main.m; sourceTree = "<group>"; };
		0179B6991F02A69F00F8CDFA /* AppDelegate.h */ = {isa = PBXFileReference; lastKnownFileType = sourcecode.c.h; path = AppDelegate.h; sourceTree = "<group>"; };
		0179B69A1F02A69F00F8CDFA /* AppDelegate.m */ = {isa = PBXFileReference; lastKnownFileType = sourcecode.c.objc; path = AppDelegate.m; sourceTree = "<group>"; };
		0179B69C1F02A69F00F8CDFA /* ViewController.h */ = {isa = PBXFileReference; lastKnownFileType = sourcecode.c.h; path = ViewController.h; sourceTree = "<group>"; };
		0179B69D1F02A69F00F8CDFA /* ViewController.m */ = {isa = PBXFileReference; lastKnownFileType = sourcecode.c.objc; path = ViewController.m; sourceTree = "<group>"; };
		0179B6A01F02A69F00F8CDFA /* Base */ = {isa = PBXFileReference; lastKnownFileType = file.storyboard; name = Base; path = Base.lproj/Main.storyboard; sourceTree = "<group>"; };
		0179B6A21F02A69F00F8CDFA /* Assets.xcassets */ = {isa = PBXFileReference; lastKnownFileType = folder.assetcatalog; path = Assets.xcassets; sourceTree = "<group>"; };
		0179B6A51F02A69F00F8CDFA /* Base */ = {isa = PBXFileReference; lastKnownFileType = file.storyboard; name = Base; path = Base.lproj/LaunchScreen.storyboard; sourceTree = "<group>"; };
		0179B6A71F02A69F00F8CDFA /* Info.plist */ = {isa = PBXFileReference; lastKnownFileType = text.plist.xml; path = Info.plist; sourceTree = "<group>"; };
		0179B6B01F02A74E00F8CDFA /* UIImage+Exchange.h */ = {isa = PBXFileReference; fileEncoding = 4; lastKnownFileType = sourcecode.c.h; path = "UIImage+Exchange.h"; sourceTree = "<group>"; };
		0179B6B11F02A74E00F8CDFA /* UIImage+Exchange.m */ = {isa = PBXFileReference; fileEncoding = 4; lastKnownFileType = sourcecode.c.objc; path = "UIImage+Exchange.m"; sourceTree = "<group>"; };
/* End PBXFileReference section */

/* Begin PBXFrameworksBuildPhase section */
		0179B6901F02A69F00F8CDFA /* Frameworks */ = {
			isa = PBXFrameworksBuildPhase;
			buildActionMask = 2147483647;
			files = (
			);
			runOnlyForDeploymentPostprocessing = 0;
		};
/* End PBXFrameworksBuildPhase section */

/* Begin PBXGroup section */
		0179B68A1F02A69F00F8CDFA = {
			isa = PBXGroup;
			children = (
				0179B6951F02A69F00F8CDFA /* Runtime之交换方法 */,
				0179B6941F02A69F00F8CDFA /* Products */,
			);
			sourceTree = "<group>";
		};
		0179B6941F02A69F00F8CDFA /* Products */ = {
			isa = PBXGroup;
			children = (
				0179B6931F02A69F00F8CDFA /* Runtime之交换方法.app */,
			);
			name = Products;
			sourceTree = "<group>";
		};
		0179B6951F02A69F00F8CDFA /* Runtime之交换方法 */ = {
			isa = PBXGroup;
			children = (
				0179B6991F02A69F00F8CDFA /* AppDelegate.h */,
				0179B69A1F02A69F00F8CDFA /* AppDelegate.m */,
				0179B69C1F02A69F00F8CDFA /* ViewController.h */,
				0179B69D1F02A69F00F8CDFA /* ViewController.m */,
				0179B6B01F02A74E00F8CDFA /* UIImage+Exchange.h */,
				0179B6B11F02A74E00F8CDFA /* UIImage+Exchange.m */,
				0179B69F1F02A69F00F8CDFA /* Main.storyboard */,
				0179B6A21F02A69F00F8CDFA /* Assets.xcassets */,
				0179B6A41F02A69F00F8CDFA /* LaunchScreen.storyboard */,
				0179B6A71F02A69F00F8CDFA /* Info.plist */,
				0179B6961F02A69F00F8CDFA /* Supporting Files */,
			);
			path = "Runtime之交换方法";
			sourceTree = "<group>";
		};
		0179B6961F02A69F00F8CDFA /* Supporting Files */ = {
			isa = PBXGroup;
			children = (
				0179B6971F02A69F00F8CDFA /* main.m */,
			);
			name = "Supporting Files";
			sourceTree = "<group>";
		};
/* End PBXGroup section */

/* Begin PBXNativeTarget section */
		0179B6921F02A69F00F8CDFA /* Runtime之交换方法 */ = {
			isa = PBXNativeTarget;
			buildConfigurationList = 0179B6AA1F02A69F00F8CDFA /* Build configuration list for PBXNativeTarget "Runtime之交换方法" */;
			buildPhases = (
				0179B68F1F02A69F00F8CDFA /* Sources */,
				0179B6901F02A69F00F8CDFA /* Frameworks */,
				0179B6911F02A69F00F8CDFA /* Resources */,
			);
			buildRules = (
			);
			dependencies = (
			);
			name = "Runtime之交换方法";
			productName = "Runtime之交换方法";
			productReference = 0179B6931F02A69F00F8CDFA /* Runtime之交换方法.app */;
			productType = "com.apple.product-type.application";
		};
/* End PBXNativeTarget section */

/* Begin PBXProject section */
		0179B68B1F02A69F00F8CDFA /* Project object */ = {
			isa = PBXProject;
			attributes = {
				LastUpgradeCheck = 0830;
				ORGANIZATIONNAME = Zahi;
				TargetAttributes = {
					0179B6921F02A69F00F8CDFA = {
						CreatedOnToolsVersion = 8.3.1;
						ProvisioningStyle = Automatic;
					};
				};
			};
			buildConfigurationList = 0179B68E1F02A69F00F8CDFA /* Build configuration list for PBXProject "Runtime之交换方法" */;
			compatibilityVersion = "Xcode 3.2";
			developmentRegion = English;
			hasScannedForEncodings = 0;
			knownRegions = (
				en,
				Base,
			);
			mainGroup = 0179B68A1F02A69F00F8CDFA;
			productRefGroup = 0179B6941F02A69F00F8CDFA /* Products */;
			projectDirPath = "";
			projectRoot = "";
			targets = (
				0179B6921F02A69F00F8CDFA /* Runtime之交换方法 */,
			);
		};
/* End PBXProject section */

/* Begin PBXResourcesBuildPhase section */
		0179B6911F02A69F00F8CDFA /* Resources */ = {
			isa = PBXResourcesBuildPhase;
			buildActionMask = 2147483647;
			files = (
				0179B6A61F02A69F00F8CDFA /* LaunchScreen.storyboard in Resources */,
				0179B6A31F02A69F00F8CDFA /* Assets.xcassets in Resources */,
				0179B6A11F02A69F00F8CDFA /* Main.storyboard in Resources */,
			);
			runOnlyForDeploymentPostprocessing = 0;
		};
/* End PBXResourcesBuildPhase section */

/* Begin PBXSourcesBuildPhase section */
		0179B68F1F02A69F00F8CDFA /* Sources */ = {
			isa = PBXSourcesBuildPhase;
			buildActionMask = 2147483647;
			files = (
				0179B6B21F02A74E00F8CDFA /* UIImage+Exchange.m in Sources */,
				0179B69E1F02A69F00F8CDFA /* ViewController.m in Sources */,
				0179B69B1F02A69F00F8CDFA /* AppDelegate.m in Sources */,
				0179B6981F02A69F00F8CDFA /* main.m in Sources */,
			);
			runOnlyForDeploymentPostprocessing = 0;
		};
/* End PBXSourcesBuildPhase section */

/* Begin PBXVariantGroup section */
		0179B69F1F02A69F00F8CDFA /* Main.storyboard */ = {
			isa = PBXVariantGroup;
			children = (
				0179B6A01F02A69F00F8CDFA /* Base */,
			);
			name = Main.storyboard;
			sourceTree = "<group>";
		};
		0179B6A41F02A69F00F8CDFA /* LaunchScreen.storyboard */ = {
			isa = PBXVariantGroup;
			children = (
				0179B6A51F02A69F00F8CDFA /* Base */,
			);
			name = LaunchScreen.storyboard;
			sourceTree = "<group>";
		};
/* End PBXVariantGroup section */

/* Begin XCBuildConfiguration section */
		0179B6A81F02A69F00F8CDFA /* Debug */ = {
			isa = XCBuildConfiguration;
			buildSettings = {
				ALWAYS_SEARCH_USER_PATHS = NO;
				CLANG_ANALYZER_NONNULL = YES;
				CLANG_ANALYZER_NUMBER_OBJECT_CONVERSION = YES_AGGRESSIVE;
				CLANG_CXX_LANGUAGE_STANDARD = "gnu++0x";
				CLANG_CXX_LIBRARY = "libc++";
				CLANG_ENABLE_MODULES = YES;
				CLANG_ENABLE_OBJC_ARC = YES;
				CLANG_WARN_BOOL_CONVERSION = YES;
				CLANG_WARN_CONSTANT_CONVERSION = YES;
				CLANG_WARN_DIRECT_OBJC_ISA_USAGE = YES_ERROR;
				CLANG_WARN_DOCUMENTATION_COMMENTS = YES;
				CLANG_WARN_EMPTY_BODY = YES;
				CLANG_WARN_ENUM_CONVERSION = YES;
				CLANG_WARN_INFINITE_RECURSION = YES;
				CLANG_WARN_INT_CONVERSION = YES;
				CLANG_WARN_OBJC_ROOT_CLASS = YES_ERROR;
				CLANG_WARN_SUSPICIOUS_MOVE = YES;
				CLANG_WARN_UNREACHABLE_CODE = YES;
				CLANG_WARN__DUPLICATE_METHOD_MATCH = YES;
				"CODE_SIGN_IDENTITY[sdk=iphoneos*]" = "iPhone Developer";
				COPY_PHASE_STRIP = NO;
				DEBUG_INFORMATION_FORMAT = dwarf;
				ENABLE_STRICT_OBJC_MSGSEND = YES;
				ENABLE_TESTABILITY = YES;
				GCC_C_LANGUAGE_STANDARD = gnu99;
				GCC_DYNAMIC_NO_PIC = NO;
				GCC_NO_COMMON_BLOCKS = YES;
				GCC_OPTIMIZATION_LEVEL = 0;
				GCC_PREPROCESSOR_DEFINITIONS = (
					"DEBUG=1",
					"$(inherited)",
				);
				GCC_WARN_64_TO_32_BIT_CONVERSION = YES;
				GCC_WARN_ABOUT_RETURN_TYPE = YES_ERROR;
				GCC_WARN_UNDECLARED_SELECTOR = YES;
				GCC_WARN_UNINITIALIZED_AUTOS = YES_AGGRESSIVE;
				GCC_WARN_UNUSED_FUNCTION = YES;
				GCC_WARN_UNUSED_VARIABLE = YES;
				IPHONEOS_DEPLOYMENT_TARGET = 10.3;
				MTL_ENABLE_DEBUG_INFO = YES;
				ONLY_ACTIVE_ARCH = YES;
				SDKROOT = iphoneos;
			};
			name = Debug;
		};
		0179B6A91F02A69F00F8CDFA /* Release */ = {
			isa = XCBuildConfiguration;
			buildSettings = {
				ALWAYS_SEARCH_USER_PATHS = NO;
				CLANG_ANALYZER_NONNULL = YES;
				CLANG_ANALYZER_NUMBER_OBJECT_CONVERSION = YES_AGGRESSIVE;
				CLANG_CXX_LANGUAGE_STANDARD = "gnu++0x";
				CLANG_CXX_LIBRARY = "libc++";
				CLANG_ENABLE_MODULES = YES;
				CLANG_ENABLE_OBJC_ARC = YES;
				CLANG_WARN_BOOL_CONVERSION = YES;
				CLANG_WARN_CONSTANT_CONVERSION = YES;
				CLANG_WARN_DIRECT_OBJC_ISA_USAGE = YES_ERROR;
				CLANG_WARN_DOCUMENTATION_COMMENTS = YES;
				CLANG_WARN_EMPTY_BODY = YES;
				CLANG_WARN_ENUM_CONVERSION = YES;
				CLANG_WARN_INFINITE_RECURSION = YES;
				CLANG_WARN_INT_CONVERSION = YES;
				CLANG_WARN_OBJC_ROOT_CLASS = YES_ERROR;
				CLANG_WARN_SUSPICIOUS_MOVE = YES;
				CLANG_WARN_UNREACHABLE_CODE = YES;
				CLANG_WARN__DUPLICATE_METHOD_MATCH = YES;
				"CODE_SIGN_IDENTITY[sdk=iphoneos*]" = "iPhone Developer";
				COPY_PHASE_STRIP = NO;
				DEBUG_INFORMATION_FORMAT = "dwarf-with-dsym";
				ENABLE_NS_ASSERTIONS = NO;
				ENABLE_STRICT_OBJC_MSGSEND = YES;
				GCC_C_LANGUAGE_STANDARD = gnu99;
				GCC_NO_COMMON_BLOCKS = YES;
				GCC_WARN_64_TO_32_BIT_CONVERSION = YES;
				GCC_WARN_ABOUT_RETURN_TYPE = YES_ERROR;
				GCC_WARN_UNDECLARED_SELECTOR = YES;
				GCC_WARN_UNINITIALIZED_AUTOS = YES_AGGRESSIVE;
				GCC_WARN_UNUSED_FUNCTION = YES;
				GCC_WARN_UNUSED_VARIABLE = YES;
				IPHONEOS_DEPLOYMENT_TARGET = 10.3;
				MTL_ENABLE_DEBUG_INFO = NO;
				SDKROOT = iphoneos;
				VALIDATE_PRODUCT = YES;
			};
			name = Release;
		};
		0179B6AB1F02A69F00F8CDFA /* Debug */ = {
			isa = XCBuildConfiguration;
			buildSettings = {
				ASSETCATALOG_COMPILER_APPICON_NAME = AppIcon;
				INFOPLIST_FILE = "Runtime之交换方法/Info.plist";
				LD_RUNPATH_SEARCH_PATHS = "$(inherited) @executable_path/Frameworks";
				PRODUCT_BUNDLE_IDENTIFIER = "com.zahi.Runtime-----";
				PRODUCT_NAME = "$(TARGET_NAME)";
			};
			name = Debug;
		};
		0179B6AC1F02A69F00F8CDFA /* Release */ = {
			isa = XCBuildConfiguration;
			buildSettings = {
				ASSETCATALOG_COMPILER_APPICON_NAME = AppIcon;
				INFOPLIST_FILE = "Runtime之交换方法/Info.plist";
				LD_RUNPATH_SEARCH_PATHS = "$(inherited) @executable_path/Frameworks";
				PRODUCT_BUNDLE_IDENTIFIER = "com.zahi.Runtime-----";
				PRODUCT_NAME = "$(TARGET_NAME)";
			};
			name = Release;
		};
/* End XCBuildConfiguration section */

/* Begin XCConfigurationList section */
		0179B68E1F02A69F00F8CDFA /* Build configuration list for PBXProject "Runtime之交换方法" */ = {
			isa = XCConfigurationList;
			buildConfigurations = (
				0179B6A81F02A69F00F8CDFA /* Debug */,
				0179B6A91F02A69F00F8CDFA /* Release */,
			);
			defaultConfigurationIsVisible = 0;
			defaultConfigurationName = Release;
		};
		0179B6AA1F02A69F00F8CDFA /* Build configuration list for PBXNativeTarget "Runtime之交换方法" */ = {
			isa = XCConfigurationList;
			buildConfigurations = (
				0179B6AB1F02A69F00F8CDFA /* Debug */,
				0179B6AC1F02A69F00F8CDFA /* Release */,
			);
			defaultConfigurationIsVisible = 0;
			defaultConfigurationName = Release;
		};
/* End XCConfigurationList section */
	};
	rootObject = 0179B68B1F02A69F00F8CDFA /* Project object */;
}
